
Microsoft Visual Studio Solution File, Format Version 10.00
# Visual Studio 2008
Project("{8BC9CEB8-8B4A-11D0-8D11-00A0C91BC942}") = "console", "console\console.vcproj", "{447E92C8-21DD-4C98-BDE4-85B698A56820}"
EndProject
Global
	GlobalSection(SolutionConfigurationPlatforms) = preSolution
		Debug|Win32 = Debug|Win32
		Release|Win32 = Release|Win32
	EndGlobalSection
	GlobalSection(ProjectConfigurationPlatforms) = postSolution
		{447E92C8-21DD-4C98-BDE4-85B698A56820}.Debug|Win32.ActiveCfg = Debug|Win32
		{447E92C8-21DD-4C98-BDE4-85B698A56820}.Debug|Win32.Build.0 = Debug|Win32
		{447E92C8-21DD-4C98-BDE4-85B698A56820}.Release|Win32.ActiveCfg = Release|Win32
		{447E92C8-21DD-4C98-BDE4-85B698A56820}.Release|Win32.Build.0 = Release|Win32
	EndGlobalSection
	GlobalSection(SolutionProperties) = preSolution
		HideSolutionNode = FALSE
	EndGlobalSection
EndGlobal
